Microsoft Visual Studio Solution File, Format Version 12.00
# Visual Studio 2012
Project("{FAE04EC0-301F-11D3-BF4B-00C04F79EFBC}") = "GMTK Jam", "GMTK Jam.csproj", "{F205E4D1-164C-4C0D-A298-FA224313A52E}"
EndProject
Global
	GlobalSection(SolutionConfigurationPlatforms) = preSolution
	Debug|Any CPU = Debug|Any CPU
	ExportDebug|Any CPU = ExportDebug|Any CPU
	ExportRelease|Any CPU = ExportRelease|Any CPU
	EndGlobalSection
	GlobalSection(ProjectConfigurationPlatforms) = postSolution
		{F205E4D1-164C-4C0D-A298-FA224313A52E}.Debug|Any CPU.ActiveCfg = Debug|Any CPU
		{F205E4D1-164C-4C0D-A298-FA224313A52E}.Debug|Any CPU.Build.0 = Debug|Any CPU
		{F205E4D1-164C-4C0D-A298-FA224313A52E}.ExportDebug|Any CPU.ActiveCfg = ExportDebug|Any CPU
		{F205E4D1-164C-4C0D-A298-FA224313A52E}.ExportDebug|Any CPU.Build.0 = ExportDebug|Any CPU
		{F205E4D1-164C-4C0D-A298-FA224313A52E}.ExportRelease|Any CPU.ActiveCfg = ExportRelease|Any CPU
		{F205E4D1-164C-4C0D-A298-FA224313A52E}.ExportRelease|Any CPU.Build.0 = ExportRelease|Any CPU
	EndGlobalSection
EndGlobal
